
Microsoft Visual Studio Solution File, Format Version 12.00
# Visual Studio Version 17
VisualStudioVersion = 17.4.33213.308
MinimumVisualStudioVersion = 10.0.40219.1
Project("{FAE04EC0-301F-11D3-BF4B-00C04F79EFBC}") = "Freskada", "Freskada\Freskada.csproj", "{449724A9-6F37-4062-AA5F-6614ADBB6E7F}"
EndProject
Global
	GlobalSection(SolutionConfigurationPlatforms) = preSolution
		Debug|Any CPU = Debug|Any CPU
		Release|Any CPU = Release|Any CPU
	EndGlobalSection
	GlobalSection(ProjectConfigurationPlatforms) = postSolution
		{449724A9-6F37-4062-AA5F-6614ADBB6E7F}.Debug|Any CPU.ActiveCfg = Debug|Any CPU
		{449724A9-6F37-4062-AA5F-6614ADBB6E7F}.Debug|Any CPU.Build.0 = Debug|Any CPU
		{449724A9-6F37-4062-AA5F-6614ADBB6E7F}.Release|Any CPU.ActiveCfg = Release|Any CPU
		{449724A9-6F37-4062-AA5F-6614ADBB6E7F}.Release|Any CPU.Build.0 = Release|Any CPU
	EndGlobalSection
	GlobalSection(SolutionProperties) = preSolution
		HideSolutionNode = FALSE
	EndGlobalSection
	GlobalSection(ExtensibilityGlobals) = postSolution
		SolutionGuid = {6289BECB-A20C-47C6-82C6-EE2ACCB028E1}
	EndGlobalSection
EndGlobal
